{
  "object": {
    "pins": [
      {
        "package": "Tide",
        "repositoryURL": "https://github.com/finngaida/Tide",
        "state": {
          "branch": null,
          "revision": "b06e45cf289854a30dde3d65a3ad21e5bf91c78a",
          "version": "0.1.2"
        }
      }
    ]
  },
  "version": 1
}
